// !$*UTF8*$!
{
	archiveVersion = 1;
	classes = {
	};
	objectVersion = 46;
	objects = {

/* Begin PBXBuildFile section */
		1B730FD41DD3B292005DC779 /* AppDelegate.swift in Sources */ = {isa = PBXBuildFile; fileRef = 1B730FD31DD3B292005DC779 /* AppDelegate.swift */; };
		1B730FD61DD3B292005DC779 /* ViewController.swift in Sources */ = {isa = PBXBuildFile; fileRef = 1B730FD51DD3B292005DC779 /* ViewController.swift */; };
		1B730FD91DD3B292005DC779 /* Main.storyboard in Resources */ = {isa = PBXBuildFile; fileRef = 1B730FD71DD3B292005DC779 /* Main.storyboard */; };
		1B730FDB1DD3B292005DC779 /* Assets.xcassets in Resources */ = {isa = PBXBuildFile; fileRef = 1B730FDA1DD3B292005DC779 /* Assets.xcassets */; };
		1B730FDE1DD3B292005DC779 /* LaunchScreen.storyboard in Resources */ = {isa = PBXBuildFile; fileRef = 1B730FDC1DD3B292005DC779 /* LaunchScreen.storyboard */; };
		1B730FE61DD3B2C5005DC779 /* Messages.swift in Sources */ = {isa = PBXBuildFile; fileRef = 1B730FE51DD3B2C5005DC779 /* Messages.swift */; };
		1B730FE81DD3B2FC005DC779 /* Ocean.swift in Sources */ = {isa = PBXBuildFile; fileRef = 1B730FE71DD3B2FC005DC779 /* Ocean.swift */; };
		1B730FEA1DD3B313005DC779 /* User.swift in Sources */ = {isa = PBXBuildFile; fileRef = 1B730FE91DD3B313005DC779 /* User.swift */; };
		1B730FEC1DD3B5FC005DC779 /* GoogleService-Info (1).plist in Resources */ = {isa = PBXBuildFile; fileRef = 1B730FEB1DD3B5FC005DC779 /* GoogleService-Info (1).plist */; };
/* End PBXBuildFile section */

/* Begin PBXFileReference section */
		1B730FD01DD3B292005DC779 /* MightyDucksMessageInABottle.app */ = {isa = PBXFileReference; explicitFileType = wrapper.application; includeInIndex = 0; path = MightyDucksMessageInABottle.app; sourceTree = BUILT_PRODUCTS_DIR; };
		1B730FD31DD3B292005DC779 /* AppDelegate.swift */ = {isa = PBXFileReference; lastKnownFileType = sourcecode.swift; path = AppDelegate.swift; sourceTree = "<group>"; };
		1B730FD51DD3B292005DC779 /* ViewController.swift */ = {isa = PBXFileReference; lastKnownFileType = sourcecode.swift; path = ViewController.swift; sourceTree = "<group>"; };
		1B730FD81DD3B292005DC779 /* Base */ = {isa = PBXFileReference; lastKnownFileType = file.storyboard; name = Base; path = Base.lproj/Main.storyboard; sourceTree = "<group>"; };
		1B730FDA1DD3B292005DC779 /* Assets.xcassets */ = {isa = PBXFileReference; lastKnownFileType = folder.assetcatalog; path = Assets.xcassets; sourceTree = "<group>"; };
		1B730FDD1DD3B292005DC779 /* Base */ = {isa = PBXFileReference; lastKnownFileType = file.storyboard; name = Base; path = Base.lproj/LaunchScreen.storyboard; sourceTree = "<group>"; };
		1B730FDF1DD3B292005DC779 /* Info.plist */ = {isa = PBXFileReference; lastKnownFileType = text.plist.xml; path = Info.plist; sourceTree = "<group>"; };
		1B730FE51DD3B2C5005DC779 /* Messages.swift */ = {isa = PBXFileReference; fileEncoding = 4; lastKnownFileType = sourcecode.swift; path = Messages.swift; sourceTree = "<group>"; };
		1B730FE71DD3B2FC005DC779 /* Ocean.swift */ = {isa = PBXFileReference; fileEncoding = 4; lastKnownFileType = sourcecode.swift; path = Ocean.swift; sourceTree = "<group>"; };
		1B730FE91DD3B313005DC779 /* User.swift */ = {isa = PBXFileReference; fileEncoding = 4; lastKnownFileType = sourcecode.swift; path = User.swift; sourceTree = "<group>"; };
		1B730FEB1DD3B5FC005DC779 /* GoogleService-Info (1).plist */ = {isa = PBXFileReference; fileEncoding = 4; lastKnownFileType = text.plist.xml; name = "GoogleService-Info (1).plist"; path = "../../../../Downloads/GoogleService-Info (1).plist"; sourceTree = "<group>"; };
/* End PBXFileReference section */

/* Begin PBXFrameworksBuildPhase section */
		1B730FCD1DD3B291005DC779 /* Frameworks */ = {
			isa = PBXFrameworksBuildPhase;
			buildActionMask = 2147483647;
			files = (
			);
			runOnlyForDeploymentPostprocessing = 0;
		};
/* End PBXFrameworksBuildPhase section */

/* Begin PBXGroup section */
		1B730FC71DD3B291005DC779 = {
			isa = PBXGroup;
			children = (
				1B730FD21DD3B292005DC779 /* MightyDucksMessageInABottle */,
				1B730FD11DD3B292005DC779 /* Products */,
			);
			sourceTree = "<group>";
		};
		1B730FD11DD3B292005DC779 /* Products */ = {
			isa = PBXGroup;
			children = (
				1B730FD01DD3B292005DC779 /* MightyDucksMessageInABottle.app */,
			);
			name = Products;
			sourceTree = "<group>";
		};
		1B730FD21DD3B292005DC779 /* MightyDucksMessageInABottle */ = {
			isa = PBXGroup;
			children = (
				1B730FD31DD3B292005DC779 /* AppDelegate.swift */,
				1B730FD51DD3B292005DC779 /* ViewController.swift */,
				1B730FE51DD3B2C5005DC779 /* Messages.swift */,
				1B730FE71DD3B2FC005DC779 /* Ocean.swift */,
				1B730FE91DD3B313005DC779 /* User.swift */,
				1B730FEB1DD3B5FC005DC779 /* GoogleService-Info (1).plist */,
				1B730FD71DD3B292005DC779 /* Main.storyboard */,
				1B730FDA1DD3B292005DC779 /* Assets.xcassets */,
				1B730FDC1DD3B292005DC779 /* LaunchScreen.storyboard */,
				1B730FDF1DD3B292005DC779 /* Info.plist */,
			);
			path = MightyDucksMessageInABottle;
			sourceTree = "<group>";
		};
/* End PBXGroup section */

/* Begin PBXNativeTarget section */
		1B730FCF1DD3B291005DC779 /* MightyDucksMessageInABottle */ = {
			isa = PBXNativeTarget;
			buildConfigurationList = 1B730FE21DD3B292005DC779 /* Build configuration list for PBXNativeTarget "MightyDucksMessageInABottle" */;
			buildPhases = (
				1B730FCC1DD3B291005DC779 /* Sources */,
				1B730FCD1DD3B291005DC779 /* Frameworks */,
				1B730FCE1DD3B291005DC779 /* Resources */,
			);
			buildRules = (
			);
			dependencies = (
			);
			name = MightyDucksMessageInABottle;
			productName = MightyDucksMessageInABottle;
			productReference = 1B730FD01DD3B292005DC779 /* MightyDucksMessageInABottle.app */;
			productType = "com.apple.product-type.application";
		};
/* End PBXNativeTarget section */

/* Begin PBXProject section */
		1B730FC81DD3B291005DC779 /* Project object */ = {
			isa = PBXProject;
			attributes = {
				LastSwiftUpdateCheck = 0810;
				LastUpgradeCheck = 0810;
				ORGANIZATIONNAME = "Flatiron School";
				TargetAttributes = {
					1B730FCF1DD3B291005DC779 = {
						CreatedOnToolsVersion = 8.1;
						DevelopmentTeam = X7LNFK5598;
						ProvisioningStyle = Automatic;
					};
				};
			};
			buildConfigurationList = 1B730FCB1DD3B291005DC779 /* Build configuration list for PBXProject "MightyDucksMessageInABottle" */;
			compatibilityVersion = "Xcode 3.2";
			developmentRegion = English;
			hasScannedForEncodings = 0;
			knownRegions = (
				en,
				Base,
			);
			mainGroup = 1B730FC71DD3B291005DC779;
			productRefGroup = 1B730FD11DD3B292005DC779 /* Products */;
			projectDirPath = "";
			projectRoot = "";
			targets = (
				1B730FCF1DD3B291005DC779 /* MightyDucksMessageInABottle */,
			);
		};
/* End PBXProject section */

/* Begin PBXResourcesBuildPhase section */
		1B730FCE1DD3B291005DC779 /* Resources */ = {
			isa = PBXResourcesBuildPhase;
			buildActionMask = 2147483647;
			files = (
				1B730FDE1DD3B292005DC779 /* LaunchScreen.storyboard in Resources */,
				1B730FDB1DD3B292005DC779 /* Assets.xcassets in Resources */,
				1B730FD91DD3B292005DC779 /* Main.storyboard in Resources */,
				1B730FEC1DD3B5FC005DC779 /* GoogleService-Info (1).plist in Resources */,
			);
			runOnlyForDeploymentPostprocessing = 0;
		};
/* End PBXResourcesBuildPhase section */

/* Begin PBXSourcesBuildPhase section */
		1B730FCC1DD3B291005DC779 /* Sources */ = {
			isa = PBXSourcesBuildPhase;
			buildActionMask = 2147483647;
			files = (
				1B730FE81DD3B2FC005DC779 /* Ocean.swift in Sources */,
				1B730FD61DD3B292005DC779 /* ViewController.swift in Sources */,
				1B730FE61DD3B2C5005DC779 /* Messages.swift in Sources */,
				1B730FEA1DD3B313005DC779 /* User.swift in Sources */,
				1B730FD41DD3B292005DC779 /* AppDelegate.swift in Sources */,
			);
			runOnlyForDeploymentPostprocessing = 0;
		};
/* End PBXSourcesBuildPhase section */

/* Begin PBXVariantGroup section */
		1B730FD71DD3B292005DC779 /* Main.storyboard */ = {
			isa = PBXVariantGroup;
			children = (
				1B730FD81DD3B292005DC779 /* Base */,
			);
			name = Main.storyboard;
			sourceTree = "<group>";
		};
		1B730FDC1DD3B292005DC779 /* LaunchScreen.storyboard */ = {
			isa = PBXVariantGroup;
			children = (
				1B730FDD1DD3B292005DC779 /* Base */,
			);
			name = LaunchScreen.storyboard;
			sourceTree = "<group>";
		};
/* End PBXVariantGroup section */

/* Begin XCBuildConfiguration section */
		1B730FE01DD3B292005DC779 /* Debug */ = {
			isa = XCBuildConfiguration;
			buildSettings = {
				ALWAYS_SEARCH_USER_PATHS = NO;
				CLANG_ANALYZER_NONNULL = YES;
				CLANG_CXX_LANGUAGE_STANDARD = "gnu++0x";
				CLANG_CXX_LIBRARY = "libc++";
				CLANG_ENABLE_MODULES = YES;
				CLANG_ENABLE_OBJC_ARC = YES;
				CLANG_WARN_BOOL_CONVERSION = YES;
				CLANG_WARN_CONSTANT_CONVERSION = YES;
				CLANG_WARN_DIRECT_OBJC_ISA_USAGE = YES_ERROR;
				CLANG_WARN_DOCUMENTATION_COMMENTS = YES;
				CLANG_WARN_EMPTY_BODY = YES;
				CLANG_WARN_ENUM_CONVERSION = YES;
				CLANG_WARN_INFINITE_RECURSION = YES;
				CLANG_WARN_INT_CONVERSION = YES;
				CLANG_WARN_OBJC_ROOT_CLASS = YES_ERROR;
				CLANG_WARN_SUSPICIOUS_MOVES = YES;
				CLANG_WARN_UNREACHABLE_CODE = YES;
				CLANG_WARN__DUPLICATE_METHOD_MATCH = YES;
				"CODE_SIGN_IDENTITY[sdk=iphoneos*]" = "iPhone Developer";
				COPY_PHASE_STRIP = NO;
				DEBUG_INFORMATION_FORMAT = dwarf;
				ENABLE_STRICT_OBJC_MSGSEND = YES;
				ENABLE_TESTABILITY = YES;
				GCC_C_LANGUAGE_STANDARD = gnu99;
				GCC_DYNAMIC_NO_PIC = NO;
				GCC_NO_COMMON_BLOCKS = YES;
				GCC_OPTIMIZATION_LEVEL = 0;
				GCC_PREPROCESSOR_DEFINITIONS = (
					"DEBUG=1",
					"$(inherited)",
				);
				GCC_WARN_64_TO_32_BIT_CONVERSION = YES;
				GCC_WARN_ABOUT_RETURN_TYPE = YES_ERROR;
				GCC_WARN_UNDECLARED_SELECTOR = YES;
				GCC_WARN_UNINITIALIZED_AUTOS = YES_AGGRESSIVE;
				GCC_WARN_UNUSED_FUNCTION = YES;
				GCC_WARN_UNUSED_VARIABLE = YES;
				IPHONEOS_DEPLOYMENT_TARGET = 10.1;
				MTL_ENABLE_DEBUG_INFO = YES;
				ONLY_ACTIVE_ARCH = YES;
				SDKROOT = iphoneos;
				SWIFT_ACTIVE_COMPILATION_CONDITIONS = DEBUG;
				SWIFT_OPTIMIZATION_LEVEL = "-Onone";
				TARGETED_DEVICE_FAMILY = "1,2";
			};
			name = Debug;
		};
		1B730FE11DD3B292005DC779 /* Release */ = {
			isa = XCBuildConfiguration;
			buildSettings = {
				ALWAYS_SEARCH_USER_PATHS = NO;
				CLANG_ANALYZER_NONNULL = YES;
				CLANG_CXX_LANGUAGE_STANDARD = "gnu++0x";
				CLANG_CXX_LIBRARY = "libc++";
				CLANG_ENABLE_MODULES = YES;
				CLANG_ENABLE_OBJC_ARC = YES;
				CLANG_WARN_BOOL_CONVERSION = YES;
				CLANG_WARN_CONSTANT_CONVERSION = YES;
				CLANG_WARN_DIRECT_OBJC_ISA_USAGE = YES_ERROR;
				CLANG_WARN_DOCUMENTATION_COMMENTS = YES;
				CLANG_WARN_EMPTY_BODY = YES;
				CLANG_WARN_ENUM_CONVERSION = YES;
				CLANG_WARN_INFINITE_RECURSION = YES;
				CLANG_WARN_INT_CONVERSION = YES;
				CLANG_WARN_OBJC_ROOT_CLASS = YES_ERROR;
				CLANG_WARN_SUSPICIOUS_MOVES = YES;
				CLANG_WARN_UNREACHABLE_CODE = YES;
				CLANG_WARN__DUPLICATE_METHOD_MATCH = YES;
				"CODE_SIGN_IDENTITY[sdk=iphoneos*]" = "iPhone Developer";
				COPY_PHASE_STRIP = NO;
				DEBUG_INFORMATION_FORMAT = "dwarf-with-dsym";
				ENABLE_NS_ASSERTIONS = NO;
				ENABLE_STRICT_OBJC_MSGSEND = YES;
				GCC_C_LANGUAGE_STANDARD = gnu99;
				GCC_NO_COMMON_BLOCKS = YES;
				GCC_WARN_64_TO_32_BIT_CONVERSION = YES;
				GCC_WARN_ABOUT_RETURN_TYPE = YES_ERROR;
				GCC_WARN_UNDECLARED_SELECTOR = YES;
				GCC_WARN_UNINITIALIZED_AUTOS = YES_AGGRESSIVE;
				GCC_WARN_UNUSED_FUNCTION = YES;
				GCC_WARN_UNUSED_VARIABLE = YES;
				IPHONEOS_DEPLOYMENT_TARGET = 10.1;
				MTL_ENABLE_DEBUG_INFO = NO;
				SDKROOT = iphoneos;
				SWIFT_OPTIMIZATION_LEVEL = "-Owholemodule";
				TARGETED_DEVICE_FAMILY = "1,2";
				VALIDATE_PRODUCT = YES;
			};
			name = Release;
		};
		1B730FE31DD3B292005DC779 /* Debug */ = {
			isa = XCBuildConfiguration;
			buildSettings = {
				ASSETCATALOG_COMPILER_APPICON_NAME = AppIcon;
				DEVELOPMENT_TEAM = X7LNFK5598;
				INFOPLIST_FILE = MightyDucksMessageInABottle/Info.plist;
				LD_RUNPATH_SEARCH_PATHS = "$(inherited) @executable_path/Frameworks";
				PRODUCT_BUNDLE_IDENTIFIER = com.fatiron.MightyDucksMessageInABottle;
				PRODUCT_NAME = "$(TARGET_NAME)";
				SWIFT_VERSION = 3.0;
			};
			name = Debug;
		};
		1B730FE41DD3B292005DC779 /* Release */ = {
			isa = XCBuildConfiguration;
			buildSettings = {
				ASSETCATALOG_COMPILER_APPICON_NAME = AppIcon;
				DEVELOPMENT_TEAM = X7LNFK5598;
				INFOPLIST_FILE = MightyDucksMessageInABottle/Info.plist;
				LD_RUNPATH_SEARCH_PATHS = "$(inherited) @executable_path/Frameworks";
				PRODUCT_BUNDLE_IDENTIFIER = com.fatiron.MightyDucksMessageInABottle;
				PRODUCT_NAME = "$(TARGET_NAME)";
				SWIFT_VERSION = 3.0;
			};
			name = Release;
		};
/* End XCBuildConfiguration section */

/* Begin XCConfigurationList section */
		1B730FCB1DD3B291005DC779 /* Build configuration list for PBXProject "MightyDucksMessageInABottle" */ = {
			isa = XCConfigurationList;
			buildConfigurations = (
				1B730FE01DD3B292005DC779 /* Debug */,
				1B730FE11DD3B292005DC779 /* Release */,
			);
			defaultConfigurationIsVisible = 0;
			defaultConfigurationName = Release;
		};
		1B730FE21DD3B292005DC779 /* Build configuration list for PBXNativeTarget "MightyDucksMessageInABottle" */ = {
			isa = XCConfigurationList;
			buildConfigurations = (
				1B730FE31DD3B292005DC779 /* Debug */,
				1B730FE41DD3B292005DC779 /* Release */,
			);
			defaultConfigurationIsVisible = 0;
		};
/* End XCConfigurationList section */
	};
	rootObject = 1B730FC81DD3B291005DC779 /* Project object */;
}
